
Microsoft Visual Studio Solution File, Format Version 12.00
# Visual Studio Version 17
VisualStudioVersion = 17.8.34408.163
MinimumVisualStudioVersion = 10.0.40219.1
Project("{9A19103F-16F7-4668-BE54-9A1E7A4F7556}") = "FidoMfaServer", "FidoMfaServer\FidoMfaServer.csproj", "{86968C06-1D21-415E-A494-FAA4823D8079}"
EndProject
Project("{2150E333-8FDC-42A3-9474-1A3956D46DE8}") = "TestApplications", "TestApplications", "{81A7498B-54C7-43F8-BF9A-D95EDCD260F0}"
EndProject
Project("{9A19103F-16F7-4668-BE54-9A1E7A4F7556}") = "MfaIdpImplicitFlowTest", "TestApplications\MfaIdpImplicitFlowTest\MfaIdpImplicitFlowTest.csproj", "{920C5927-AE7A-44D8-8A1F-4E4B4D09A396}"
EndProject
Project("{2150E333-8FDC-42A3-9474-1A3956D46DE8}") = "Solution Items", "Solution Items", "{93A1F632-9273-4D1A-B42B-D6AD6811DA81}"
	ProjectSection(SolutionItems) = preProject
		README.md = README.md
	EndProjectSection
EndProject
Project("{FAE04EC0-301F-11D3-BF4B-00C04F79EFBC}") = "MerillApp", "TestApplications\PoraApp\MerillApp.csproj", "{226AF168-851E-4AF8-9BFF-D095ABA6DBA8}"
EndProject
Global
	GlobalSection(SolutionConfigurationPlatforms) = preSolution
		Debug|Any CPU = Debug|Any CPU
		Release|Any CPU = Release|Any CPU
	EndGlobalSection
	GlobalSection(ProjectConfigurationPlatforms) = postSolution
		{86968C06-1D21-415E-A494-FAA4823D8079}.Debug|Any CPU.ActiveCfg = Debug|Any CPU
		{86968C06-1D21-415E-A494-FAA4823D8079}.Debug|Any CPU.Build.0 = Debug|Any CPU
		{86968C06-1D21-415E-A494-FAA4823D8079}.Release|Any CPU.ActiveCfg = Release|Any CPU
		{86968C06-1D21-415E-A494-FAA4823D8079}.Release|Any CPU.Build.0 = Release|Any CPU
		{920C5927-AE7A-44D8-8A1F-4E4B4D09A396}.Debug|Any CPU.ActiveCfg = Debug|Any CPU
		{920C5927-AE7A-44D8-8A1F-4E4B4D09A396}.Debug|Any CPU.Build.0 = Debug|Any CPU
		{920C5927-AE7A-44D8-8A1F-4E4B4D09A396}.Release|Any CPU.ActiveCfg = Release|Any CPU
		{920C5927-AE7A-44D8-8A1F-4E4B4D09A396}.Release|Any CPU.Build.0 = Release|Any CPU
		{226AF168-851E-4AF8-9BFF-D095ABA6DBA8}.Debug|Any CPU.ActiveCfg = Debug|Any CPU
		{226AF168-851E-4AF8-9BFF-D095ABA6DBA8}.Debug|Any CPU.Build.0 = Debug|Any CPU
		{226AF168-851E-4AF8-9BFF-D095ABA6DBA8}.Release|Any CPU.ActiveCfg = Release|Any CPU
		{226AF168-851E-4AF8-9BFF-D095ABA6DBA8}.Release|Any CPU.Build.0 = Release|Any CPU
	EndGlobalSection
	GlobalSection(SolutionProperties) = preSolution
		HideSolutionNode = FALSE
	EndGlobalSection
	GlobalSection(NestedProjects) = preSolution
		{920C5927-AE7A-44D8-8A1F-4E4B4D09A396} = {81A7498B-54C7-43F8-BF9A-D95EDCD260F0}
		{226AF168-851E-4AF8-9BFF-D095ABA6DBA8} = {81A7498B-54C7-43F8-BF9A-D95EDCD260F0}
	EndGlobalSection
	GlobalSection(ExtensibilityGlobals) = postSolution
		SolutionGuid = {62D67101-86B1-4E8F-A3F1-114EE7DAA42B}
	EndGlobalSection
EndGlobal
